// !$*UTF8*$!
{
	archiveVersion = 1;
	classes = {
	};
	objectVersion = 77;
	objects = {

/* Begin PBXContainerItemProxy section */
		0EF00AF32F22D39F007AEB05 /* PBXContainerItemProxy */ = {
			isa = PBXContainerItemProxy;
			containerPortal = 0EF00ADC2F22D39E007AEB05 /* Project object */;
			proxyType = 1;
			remoteGlobalIDString = 0EF00AE32F22D39E007AEB05;
			remoteInfo = Otto;
		};
		0EF00AFD2F22D39F007AEB05 /* PBXContainerItemProxy */ = {
			isa = PBXContainerItemProxy;
			containerPortal = 0EF00ADC2F22D39E007AEB05 /* Project object */;
			proxyType = 1;
			remoteGlobalIDString = 0EF00AE32F22D39E007AEB05;
			remoteInfo = Otto;
		};
/* End PBXContainerItemProxy section */

/* Begin PBXFileReference section */
		0EF00AE42F22D39E007AEB05 /* Otto.app */ = {isa = PBXFileReference; explicitFileType = wrapper.application; includeInIndex = 0; path = Otto.app; sourceTree = BUILT_PRODUCTS_DIR; };
		0EF00AF22F22D39F007AEB05 /* OttoTests.xctest */ = {isa = PBXFileReference; explicitFileType = wrapper.cfbundle; includeInIndex = 0; path = OttoTests.xctest; sourceTree = BUILT_PRODUCTS_DIR; };
		0EF00AFC2F22D39F007AEB05 /* OttoUITests.xctest */ = {isa = PBXFileReference; explicitFileType = wrapper.cfbundle; includeInIndex = 0; path = OttoUITests.xctest; sourceTree = BUILT_PRODUCTS_DIR; };
/* End PBXFileReference section */

/* Begin PBXFileSystemSynchronizedBuildFileExceptionSet section */
		0EEAA4CA2F250E010023AE51 /* Exceptions for "Otto" folder in "Otto" target */ = {
			isa = PBXFileSystemSynchronizedBuildFileExceptionSet;
			membershipExceptions = (
				Info.plist,
			);
			target = 0EF00AE32F22D39E007AEB05 /* Otto */;
		};
/* End PBXFileSystemSynchronizedBuildFileExceptionSet section */

/* Begin PBXFileSystemSynchronizedRootGroup section */
		0EF00AE62F22D39E007AEB05 /* Otto */ = {
			isa = PBXFileSystemSynchronizedRootGroup;
			exceptions = (
				0EEAA4CA2F250E010023AE51 /* Exceptions for "Otto" folder in "Otto" target */,
			);
			path = Otto;
			sourceTree = "<group>";
		};
		0EF00AF52F22D39F007AEB05 /* OttoTests */ = {
			isa = PBXFileSystemSynchronizedRootGroup;
			path = OttoTests;
			sourceTree = "<group>";
		};
		0EF00AFF2F22D39F007AEB05 /* OttoUITests */ = {
			isa = PBXFileSystemSynchronizedRootGroup;
			path = OttoUITests;
			sourceTree = "<group>";
		};
/* End PBXFileSystemSynchronizedRootGroup section */

/* Begin PBXFrameworksBuildPhase section */
		0EF00AE12F22D39E007AEB05 /* Frameworks */ = {
			isa = PBXFrameworksBuildPhase;
			buildActionMask = 2147483647;
			files = (
			);
			runOnlyForDeploymentPostprocessing = 0;
		};
		0EF00AEF2F22D39F007AEB05 /* Frameworks */ = {
			isa = PBXFrameworksBuildPhase;
			buildActionMask = 2147483647;
			files = (
			);
			runOnlyForDeploymentPostprocessing = 0;
		};
		0EF00AF92F22D39F007AEB05 /* Frameworks */ = {
			isa = PBXFrameworksBuildPhase;
			buildActionMask = 2147483647;
			files = (
			);
			runOnlyForDeploymentPostprocessing = 0;
		};
/* End PBXFrameworksBuildPhase section */

/* Begin PBXGroup section */
		0EF00ADB2F22D39E007AEB05 = {
			isa = PBXGroup;
			children = (
				0EF00AE62F22D39E007AEB05 /* Otto */,
				0EF00AF52F22D39F007AEB05 /* OttoTests */,
				0EF00AFF2F22D39F007AEB05 /* OttoUITests */,
				0EF00AE52F22D39E007AEB05 /* Products */,
			);
			sourceTree = "<group>";
		};
		0EF00AE52F22D39E007AEB05 /* Products */ = {
			isa = PBXGroup;
			children = (
				0EF00AE42F22D39E007AEB05 /* Otto.app */,
				0EF00AF22F22D39F007AEB05 /* OttoTests.xctest */,
				0EF00AFC2F22D39F007AEB05 /* OttoUITests.xctest */,
			);
			name = Products;
			sourceTree = "<group>";
		};
/* End PBXGroup section */

/* Begin PBXNativeTarget section */
		0EF00AE32F22D39E007AEB05 /* Otto */ = {
			isa = PBXNativeTarget;
			buildConfigurationList = 0EF00B062F22D39F007AEB05 /* Build configuration list for PBXNativeTarget "Otto" */;
			buildPhases = (
				0EF00AE02F22D39E007AEB05 /* Sources */,
				0EF00AE12F22D39E007AEB05 /* Frameworks */,
				0EF00AE22F22D39E007AEB05 /* Resources */,
			);
			buildRules = (
			);
			dependencies = (
			);
			fileSystemSynchronizedGroups = (
				0EF00AE62F22D39E007AEB05 /* Otto */,
			);
			name = Otto;
			packageProductDependencies = (
			);
			productName = Otto;
			productReference = 0EF00AE42F22D39E007AEB05 /* Otto.app */;
			productType = "com.apple.product-type.application";
		};
		0EF00AF12F22D39F007AEB05 /* OttoTests */ = {
			isa = PBXNativeTarget;
			buildConfigurationList = 0EF00B092F22D39F007AEB05 /* Build configuration list for PBXNativeTarget "OttoTests" */;
			buildPhases = (
				0EF00AEE2F22D39F007AEB05 /* Sources */,
				0EF00AEF2F22D39F007AEB05 /* Frameworks */,
				0EF00AF02F22D39F007AEB05 /* Resources */,
			);
			buildRules = (
			);
			dependencies = (
				0EF00AF42F22D39F007AEB05 /* PBXTargetDependency */,
			);
			fileSystemSynchronizedGroups = (
				0EF00AF52F22D39F007AEB05 /* OttoTests */,
			);
			name = OttoTests;
			packageProductDependencies = (
			);
			productName = OttoTests;
			productReference = 0EF00AF22F22D39F007AEB05 /* OttoTests.xctest */;
			productType = "com.apple.product-type.bundle.unit-test";
		};
		0EF00AFB2F22D39F007AEB05 /* OttoUITests */ = {
			isa = PBXNativeTarget;
			buildConfigurationList = 0EF00B0C2F22D39F007AEB05 /* Build configuration list for PBXNativeTarget "OttoUITests" */;
			buildPhases = (
				0EF00AF82F22D39F007AEB05 /* Sources */,
				0EF00AF92F22D39F007AEB05 /* Frameworks */,
				0EF00AFA2F22D39F007AEB05 /* Resources */,
			);
			buildRules = (
			);
			dependencies = (
				0EF00AFE2F22D39F007AEB05 /* PBXTargetDependency */,
			);
			fileSystemSynchronizedGroups = (
				0EF00AFF2F22D39F007AEB05 /* OttoUITests */,
			);
			name = OttoUITests;
			packageProductDependencies = (
			);
			productName = OttoUITests;
			productReference = 0EF00AFC2F22D39F007AEB05 /* OttoUITests.xctest */;
			productType = "com.apple.product-type.bundle.ui-testing";
		};
/* End PBXNativeTarget section */

/* Begin PBXProject section */
		0EF00ADC2F22D39E007AEB05 /* Project object */ = {
			isa = PBXProject;
			attributes = {
				BuildIndependentTargetsInParallel = 1;
				LastSwiftUpdateCheck = 1630;
				LastUpgradeCheck = 1630;
				TargetAttributes = {
					0EF00AE32F22D39E007AEB05 = {
						CreatedOnToolsVersion = 16.3;
					};
					0EF00AF12F22D39F007AEB05 = {
						CreatedOnToolsVersion = 16.3;
						TestTargetID = 0EF00AE32F22D39E007AEB05;
					};
					0EF00AFB2F22D39F007AEB05 = {
						CreatedOnToolsVersion = 16.3;
						TestTargetID = 0EF00AE32F22D39E007AEB05;
					};
				};
			};
			buildConfigurationList = 0EF00ADF2F22D39E007AEB05 /* Build configuration list for PBXProject "Otto" */;
			developmentRegion = en;
			hasScannedForEncodings = 0;
			knownRegions = (
				en,
				Base,
			);
			mainGroup = 0EF00ADB2F22D39E007AEB05;
			minimizedProjectReferenceProxies = 1;
			preferredProjectObjectVersion = 77;
			productRefGroup = 0EF00AE52F22D39E007AEB05 /* Products */;
			projectDirPath = "";
			projectRoot = "";
			targets = (
				0EF00AE32F22D39E007AEB05 /* Otto */,
				0EF00AF12F22D39F007AEB05 /* OttoTests */,
				0EF00AFB2F22D39F007AEB05 /* OttoUITests */,
			);
		};
/* End PBXProject section */

/* Begin PBXResourcesBuildPhase section */
		0EF00AE22F22D39E007AEB05 /* Resources */ = {
			isa = PBXResourcesBuildPhase;
			buildActionMask = 2147483647;
			files = (
			);
			runOnlyForDeploymentPostprocessing = 0;
		};
		0EF00AF02F22D39F007AEB05 /* Resources */ = {
			isa = PBXResourcesBuildPhase;
			buildActionMask = 2147483647;
			files = (
			);
			runOnlyForDeploymentPostprocessing = 0;
		};
		0EF00AFA2F22D39F007AEB05 /* Resources */ = {
			isa = PBXResourcesBuildPhase;
			buildActionMask = 2147483647;
			files = (
			);
			runOnlyForDeploymentPostprocessing = 0;
		};
/* End PBXResourcesBuildPhase section */

/* Begin PBXSourcesBuildPhase section */
		0EF00AE02F22D39E007AEB05 /* Sources */ = {
			isa = PBXSourcesBuildPhase;
			buildActionMask = 2147483647;
			files = (
			);
			runOnlyForDeploymentPostprocessing = 0;
		};
		0EF00AEE2F22D39F007AEB05 /* Sources */ = {
			isa = PBXSourcesBuildPhase;
			buildActionMask = 2147483647;
			files = (
			);
			runOnlyForDeploymentPostprocessing = 0;
		};
		0EF00AF82F22D39F007AEB05 /* Sources */ = {
			isa = PBXSourcesBuildPhase;
			buildActionMask = 2147483647;
			files = (
			);
			runOnlyForDeploymentPostprocessing = 0;
		};
/* End PBXSourcesBuildPhase section */

/* Begin PBXTargetDependency section */
		0EF00AF42F22D39F007AEB05 /* PBXTargetDependency */ = {
			isa = PBXTargetDependency;
			target = 0EF00AE32F22D39E007AEB05 /* Otto */;
			targetProxy = 0EF00AF32F22D39F007AEB05 /* PBXContainerItemProxy */;
		};
		0EF00AFE2F22D39F007AEB05 /* PBXTargetDependency */ = {
			isa = PBXTargetDependency;
			target = 0EF00AE32F22D39E007AEB05 /* Otto */;
			targetProxy = 0EF00AFD2F22D39F007AEB05 /* PBXContainerItemProxy */;
		};
/* End PBXTargetDependency section */

/* Begin XCBuildConfiguration section */
		0EF00B042F22D39F007AEB05 /* Debug */ = {
			isa = XCBuildConfiguration;
			buildSettings = {
				ALWAYS_SEARCH_USER_PATHS = NO;
				ASSETCATALOG_COMPILER_GENERATE_SWIFT_ASSET_SYMBOL_EXTENSIONS = YES;
				CLANG_ANALYZER_NONNULL = YES;
				CLANG_ANALYZER_NUMBER_OBJECT_CONVERSION = YES_AGGRESSIVE;
				CLANG_CXX_LANGUAGE_STANDARD = "gnu++20";
				CLANG_ENABLE_MODULES = YES;
				CLANG_ENABLE_OBJC_ARC = YES;
				CLANG_ENABLE_OBJC_WEAK = YES;
				CLANG_WARN_BLOCK_CAPTURE_AUTORELEASING = YES;
				CLANG_WARN_BOOL_CONVERSION = YES;
				CLANG_WARN_COMMA = YES;
				CLANG_WARN_CONSTANT_CONVERSION = YES;
				CLANG_WARN_DEPRECATED_OBJC_IMPLEMENTATIONS = YES;
				CLANG_WARN_DIRECT_OBJC_ISA_USAGE = YES_ERROR;
				CLANG_WARN_DOCUMENTATION_COMMENTS = YES;
				CLANG_WARN_EMPTY_BODY = YES;
				CLANG_WARN_ENUM_CONVERSION = YES;
				CLANG_WARN_INFINITE_RECURSION = YES;
				CLANG_WARN_INT_CONVERSION = YES;
				CLANG_WARN_NON_LITERAL_NULL_CONVERSION = YES;
				CLANG_WARN_OBJC_IMPLICIT_RETAIN_SELF = YES;
				CLANG_WARN_OBJC_LITERAL_CONVERSION = YES;
				CLANG_WARN_OBJC_ROOT_CLASS = YES_ERROR;
				CLANG_WARN_QUOTED_INCLUDE_IN_FRAMEWORK_HEADER = YES;
				CLANG_WARN_RANGE_LOOP_ANALYSIS = YES;
				CLANG_WARN_STRICT_PROTOTYPES = YES;
				CLANG_WARN_SUSPICIOUS_MOVE = YES;
				CLANG_WARN_UNGUARDED_AVAILABILITY = YES_AGGRESSIVE;
				CLANG_WARN_UNREACHABLE_CODE = YES;
				CLANG_WARN__DUPLICATE_METHOD_MATCH = YES;
				COPY_PHASE_STRIP = NO;
				DEBUG_INFORMATION_FORMAT = dwarf;
				DEVELOPMENT_TEAM = "";
				ENABLE_STRICT_OBJC_MSGSEND = YES;
				ENABLE_TESTABILITY = YES;
				ENABLE_USER_SCRIPT_SANDBOXING = YES;
				GCC_C_LANGUAGE_STANDARD = gnu17;
				GCC_DYNAMIC_NO_PIC = NO;
				GCC_NO_COMMON_BLOCKS = YES;
				GCC_OPTIMIZATION_LEVEL = 0;
				GCC_PREPROCESSOR_DEFINITIONS = (
					"DEBUG=1",
					"$(inherited)",
				);
				GCC_WARN_64_TO_32_BIT_CONVERSION = YES;
				GCC_WARN_ABOUT_RETURN_TYPE = YES_ERROR;
				GCC_WARN_UNDECLARED_SELECTOR = YES;
				GCC_WARN_UNINITIALIZED_AUTOS = YES_AGGRESSIVE;
				GCC_WARN_UNUSED_FUNCTION = YES;
				GCC_WARN_UNUSED_VARIABLE = YES;
				LOCALIZATION_PREFERS_STRING_CATALOGS = YES;
				MACOSX_DEPLOYMENT_TARGET = 15.4;
				MTL_ENABLE_DEBUG_INFO = INCLUDE_SOURCE;
				MTL_FAST_MATH = YES;
				ONLY_ACTIVE_ARCH = YES;
				SDKROOT = macosx;
				SWIFT_ACTIVE_COMPILATION_CONDITIONS = "DEBUG $(inherited)";
				SWIFT_OPTIMIZATION_LEVEL = "-Onone";
			};
			name = Debug;
		};
		0EF00B052F22D39F007AEB05 /* Release */ = {
			isa = XCBuildConfiguration;
			buildSettings = {
				ALWAYS_SEARCH_USER_PATHS = NO;
				ASSETCATALOG_COMPILER_GENERATE_SWIFT_ASSET_SYMBOL_EXTENSIONS = YES;
				CLANG_ANALYZER_NONNULL = YES;
				CLANG_ANALYZER_NUMBER_OBJECT_CONVERSION = YES_AGGRESSIVE;
				CLANG_CXX_LANGUAGE_STANDARD = "gnu++20";
				CLANG_ENABLE_MODULES = YES;
				CLANG_ENABLE_OBJC_ARC = YES;
				CLANG_ENABLE_OBJC_WEAK = YES;
				CLANG_WARN_BLOCK_CAPTURE_AUTORELEASING = YES;
				CLANG_WARN_BOOL_CONVERSION = YES;
				CLANG_WARN_COMMA = YES;
				CLANG_WARN_CONSTANT_CONVERSION = YES;
				CLANG_WARN_DEPRECATED_OBJC_IMPLEMENTATIONS = YES;
				CLANG_WARN_DIRECT_OBJC_ISA_USAGE = YES_ERROR;
				CLANG_WARN_DOCUMENTATION_COMMENTS = YES;
				CLANG_WARN_EMPTY_BODY = YES;
				CLANG_WARN_ENUM_CONVERSION = YES;
				CLANG_WARN_INFINITE_RECURSION = YES;
				CLANG_WARN_INT_CONVERSION = YES;
				CLANG_WARN_NON_LITERAL_NULL_CONVERSION = YES;
				CLANG_WARN_OBJC_IMPLICIT_RETAIN_SELF = YES;
				CLANG_WARN_OBJC_LITERAL_CONVERSION = YES;
				CLANG_WARN_OBJC_ROOT_CLASS = YES_ERROR;
				CLANG_WARN_QUOTED_INCLUDE_IN_FRAMEWORK_HEADER = YES;
				CLANG_WARN_RANGE_LOOP_ANALYSIS = YES;
				CLANG_WARN_STRICT_PROTOTYPES = YES;
				CLANG_WARN_SUSPICIOUS_MOVE = YES;
				CLANG_WARN_UNGUARDED_AVAILABILITY = YES_AGGRESSIVE;
				CLANG_WARN_UNREACHABLE_CODE = YES;
				CLANG_WARN__DUPLICATE_METHOD_MATCH = YES;
				COPY_PHASE_STRIP = NO;
				DEBUG_INFORMATION_FORMAT = "dwarf-with-dsym";
				DEVELOPMENT_TEAM = "";
				ENABLE_NS_ASSERTIONS = NO;
				ENABLE_STRICT_OBJC_MSGSEND = YES;
				ENABLE_USER_SCRIPT_SANDBOXING = YES;
				GCC_C_LANGUAGE_STANDARD = gnu17;
				GCC_NO_COMMON_BLOCKS = YES;
				GCC_WARN_64_TO_32_BIT_CONVERSION = YES;
				GCC_WARN_ABOUT_RETURN_TYPE = YES_ERROR;
				GCC_WARN_UNDECLARED_SELECTOR = YES;
				GCC_WARN_UNINITIALIZED_AUTOS = YES_AGGRESSIVE;
				GCC_WARN_UNUSED_FUNCTION = YES;
				GCC_WARN_UNUSED_VARIABLE = YES;
				LOCALIZATION_PREFERS_STRING_CATALOGS = YES;
				MACOSX_DEPLOYMENT_TARGET = 15.4;
				MTL_ENABLE_DEBUG_INFO = NO;
				MTL_FAST_MATH = YES;
				SDKROOT = macosx;
				SWIFT_COMPILATION_MODE = wholemodule;
			};
			name = Release;
		};
		0EF00B072F22D39F007AEB05 /* Debug */ = {
			isa = XCBuildConfiguration;
			buildSettings = {
				ASSETCATALOG_COMPILER_APPICON_NAME = AppIcon;
				ASSETCATALOG_COMPILER_GLOBAL_ACCENT_COLOR_NAME = AccentColor;
				CODE_SIGN_ENTITLEMENTS = Otto/Otto.entitlements;
				CODE_SIGN_STYLE = Automatic;
				COMBINE_HIDPI_IMAGES = YES;
				CURRENT_PROJECT_VERSION = 1;
				DEVELOPMENT_TEAM = "";
				ENABLE_HARDENED_RUNTIME = YES;
				ENABLE_PREVIEWS = YES;
				GENERATE_INFOPLIST_FILE = YES;
				INFOPLIST_FILE = Otto/Info.plist;
				INFOPLIST_KEY_NSHumanReadableCopyright = "";
				INFOPLIST_KEY_UILaunchScreen_Generation = YES;
				INFOPLIST_KEY_UISupportedInterfaceOrientations = UIInterfaceOrientationPortrait;
				LD_RUNPATH_SEARCH_PATHS = (
					"$(inherited)",
					"@executable_path/../Frameworks",
				);
				MARKETING_VERSION = 1.0;
				PRODUCT_BUNDLE_IDENTIFIER = "com.example.Otto";
				PRODUCT_NAME = "$(TARGET_NAME)";
				REGISTER_APP_GROUPS = YES;
				SUPPORTED_PLATFORMS = "iphoneos iphonesimulator macosx";
				SUPPORTS_MACCATALYST = NO;
				SWIFT_EMIT_LOC_STRINGS = YES;
				SWIFT_VERSION = 5.0;
				TARGETED_DEVICE_FAMILY = 1;
			};
			name = Debug;
		};
		0EF00B082F22D39F007AEB05 /* Release */ = {
			isa = XCBuildConfiguration;
			buildSettings = {
				ASSETCATALOG_COMPILER_APPICON_NAME = AppIcon;
				ASSETCATALOG_COMPILER_GLOBAL_ACCENT_COLOR_NAME = AccentColor;
				CODE_SIGN_ENTITLEMENTS = Otto/Otto.entitlements;
				CODE_SIGN_STYLE = Automatic;
				COMBINE_HIDPI_IMAGES = YES;
				CURRENT_PROJECT_VERSION = 1;
				DEVELOPMENT_TEAM = "";
				ENABLE_HARDENED_RUNTIME = YES;
				ENABLE_PREVIEWS = YES;
				GENERATE_INFOPLIST_FILE = YES;
				INFOPLIST_FILE = Otto/Info.plist;
				INFOPLIST_KEY_NSHumanReadableCopyright = "";
				INFOPLIST_KEY_UILaunchScreen_Generation = YES;
				INFOPLIST_KEY_UISupportedInterfaceOrientations = UIInterfaceOrientationPortrait;
				LD_RUNPATH_SEARCH_PATHS = (
					"$(inherited)",
					"@executable_path/../Frameworks",
				);
				MARKETING_VERSION = 1.0;
				PRODUCT_BUNDLE_IDENTIFIER = "com.example.Otto";
				PRODUCT_NAME = "$(TARGET_NAME)";
				REGISTER_APP_GROUPS = YES;
				SUPPORTED_PLATFORMS = "iphoneos iphonesimulator macosx";
				SUPPORTS_MACCATALYST = NO;
				SWIFT_EMIT_LOC_STRINGS = YES;
				SWIFT_VERSION = 5.0;
				TARGETED_DEVICE_FAMILY = 1;
			};
			name = Release;
		};
		0EF00B0A2F22D39F007AEB05 /* Debug */ = {
			isa = XCBuildConfiguration;
			buildSettings = {
				BUNDLE_LOADER = "$(TEST_HOST)";
				CODE_SIGN_STYLE = Automatic;
				CURRENT_PROJECT_VERSION = 1;
				DEVELOPMENT_TEAM = "";
				GENERATE_INFOPLIST_FILE = YES;
				MACOSX_DEPLOYMENT_TARGET = 15.4;
				MARKETING_VERSION = 1.0;
				PRODUCT_BUNDLE_IDENTIFIER = "com.example.OttoTests";
				PRODUCT_NAME = "$(TARGET_NAME)";
				SWIFT_EMIT_LOC_STRINGS = NO;
				SWIFT_VERSION = 5.0;
				TEST_HOST = "$(BUILT_PRODUCTS_DIR)/Otto.app/$(BUNDLE_EXECUTABLE_FOLDER_PATH)/Otto";
			};
			name = Debug;
		};
		0EF00B0B2F22D39F007AEB05 /* Release */ = {
			isa = XCBuildConfiguration;
			buildSettings = {
				BUNDLE_LOADER = "$(TEST_HOST)";
				CODE_SIGN_STYLE = Automatic;
				CURRENT_PROJECT_VERSION = 1;
				DEVELOPMENT_TEAM = "";
				GENERATE_INFOPLIST_FILE = YES;
				MACOSX_DEPLOYMENT_TARGET = 15.4;
				MARKETING_VERSION = 1.0;
				PRODUCT_BUNDLE_IDENTIFIER = "com.example.OttoTests";
				PRODUCT_NAME = "$(TARGET_NAME)";
				SWIFT_EMIT_LOC_STRINGS = NO;
				SWIFT_VERSION = 5.0;
				TEST_HOST = "$(BUILT_PRODUCTS_DIR)/Otto.app/$(BUNDLE_EXECUTABLE_FOLDER_PATH)/Otto";
			};
			name = Release;
		};
		0EF00B0D2F22D39F007AEB05 /* Debug */ = {
			isa = XCBuildConfiguration;
			buildSettings = {
				CODE_SIGN_STYLE = Automatic;
				CURRENT_PROJECT_VERSION = 1;
				DEVELOPMENT_TEAM = "";
				GENERATE_INFOPLIST_FILE = YES;
				MARKETING_VERSION = 1.0;
				PRODUCT_BUNDLE_IDENTIFIER = "com.example.OttoUITests";
				PRODUCT_NAME = "$(TARGET_NAME)";
				SWIFT_EMIT_LOC_STRINGS = NO;
				SWIFT_VERSION = 5.0;
				TEST_TARGET_NAME = Otto;
			};
			name = Debug;
		};
		0EF00B0E2F22D39F007AEB05 /* Release */ = {
			isa = XCBuildConfiguration;
			buildSettings = {
				CODE_SIGN_STYLE = Automatic;
				CURRENT_PROJECT_VERSION = 1;
				DEVELOPMENT_TEAM = "";
				GENERATE_INFOPLIST_FILE = YES;
				MARKETING_VERSION = 1.0;
				PRODUCT_BUNDLE_IDENTIFIER = "com.example.OttoUITests";
				PRODUCT_NAME = "$(TARGET_NAME)";
				SWIFT_EMIT_LOC_STRINGS = NO;
				SWIFT_VERSION = 5.0;
				TEST_TARGET_NAME = Otto;
			};
			name = Release;
		};
/* End XCBuildConfiguration section */

/* Begin XCConfigurationList section */
		0EF00ADF2F22D39E007AEB05 /* Build configuration list for PBXProject "Otto" */ = {
			isa = XCConfigurationList;
			buildConfigurations = (
				0EF00B042F22D39F007AEB05 /* Debug */,
				0EF00B052F22D39F007AEB05 /* Release */,
			);
			defaultConfigurationIsVisible = 0;
			defaultConfigurationName = Release;
		};
		0EF00B062F22D39F007AEB05 /* Build configuration list for PBXNativeTarget "Otto" */ = {
			isa = XCConfigurationList;
			buildConfigurations = (
				0EF00B072F22D39F007AEB05 /* Debug */,
				0EF00B082F22D39F007AEB05 /* Release */,
			);
			defaultConfigurationIsVisible = 0;
			defaultConfigurationName = Release;
		};
		0EF00B092F22D39F007AEB05 /* Build configuration list for PBXNativeTarget "OttoTests" */ = {
			isa = XCConfigurationList;
			buildConfigurations = (
				0EF00B0A2F22D39F007AEB05 /* Debug */,
				0EF00B0B2F22D39F007AEB05 /* Release */,
			);
			defaultConfigurationIsVisible = 0;
			defaultConfigurationName = Release;
		};
		0EF00B0C2F22D39F007AEB05 /* Build configuration list for PBXNativeTarget "OttoUITests" */ = {
			isa = XCConfigurationList;
			buildConfigurations = (
				0EF00B0D2F22D39F007AEB05 /* Debug */,
				0EF00B0E2F22D39F007AEB05 /* Release */,
			);
			defaultConfigurationIsVisible = 0;
			defaultConfigurationName = Release;
		};
/* End XCConfigurationList section */
	};
	rootObject = 0EF00ADC2F22D39E007AEB05 /* Project object */;
}
